
Microsoft Visual Studio Solution File, Format Version 12.00
# Visual Studio 15
VisualStudioVersion = 15.0.27703.2042
MinimumVisualStudioVersion = 10.0.40219.1
Project("{FAE04EC0-301F-11D3-BF4B-00C04F79EFBC}") = "XamarinForms.Android", "XamarinForms\XamarinForms.Android\XamarinForms.Android.csproj", "{4CF3FED7-11CF-4407-92B7-DFDA021747BD}"
EndProject
Project("{FAE04EC0-301F-11D3-BF4B-00C04F79EFBC}") = "XamarinForms.iOS", "XamarinForms\XamarinForms.iOS\XamarinForms.iOS.csproj", "{A190AA6E-3FA4-44F1-936F-52DE92DB9EEC}"
EndProject
Project("{FAE04EC0-301F-11D3-BF4B-00C04F79EFBC}") = "XamarinForms", "XamarinForms\XamarinForms\XamarinForms.csproj", "{88B523D9-1BA6-492E-AFB4-52020A590F56}"
EndProject
Global
	GlobalSection(SolutionConfigurationPlatforms) = preSolution
		Ad-Hoc|Any CPU = Ad-Hoc|Any CPU
		Ad-Hoc|iPhone = Ad-Hoc|iPhone
		Ad-Hoc|iPhoneSimulator = Ad-Hoc|iPhoneSimulator
		AppStore|Any CPU = AppStore|Any CPU
		AppStore|iPhone = AppStore|iPhone
		AppStore|iPhoneSimulator = AppStore|iPhoneSimulator
		Debug|Any CPU = Debug|Any CPU
		Debug|iPhone = Debug|iPhone
		Debug|iPhoneSimulator = Debug|iPhoneSimulator
		Release|Any CPU = Release|Any CPU
		Release|iPhone = Release|iPhone
		Release|iPhoneSimulator = Release|iPhoneSimulator
	EndGlobalSection
	GlobalSection(ProjectConfigurationPlatforms) = postSolution
		{4CF3FED7-11CF-4407-92B7-DFDA021747BD}.Ad-Hoc|Any CPU.ActiveCfg = Release|Any CPU
		{4CF3FED7-11CF-4407-92B7-DFDA021747BD}.Ad-Hoc|Any CPU.Build.0 = Release|Any CPU
		{4CF3FED7-11CF-4407-92B7-DFDA021747BD}.Ad-Hoc|Any CPU.Deploy.0 = Release|Any CPU
		{4CF3FED7-11CF-4407-92B7-DFDA021747BD}.Ad-Hoc|iPhone.ActiveCfg = Release|Any CPU
		{4CF3FED7-11CF-4407-92B7-DFDA021747BD}.Ad-Hoc|iPhone.Build.0 = Release|Any CPU
		{4CF3FED7-11CF-4407-92B7-DFDA021747BD}.Ad-Hoc|iPhone.Deploy.0 = Release|Any CPU
		{4CF3FED7-11CF-4407-92B7-DFDA021747BD}.Ad-Hoc|iPhoneSimulator.ActiveCfg = Release|Any CPU
		{4CF3FED7-11CF-4407-92B7-DFDA021747BD}.Ad-Hoc|iPhoneSimulator.Build.0 = Release|Any CPU
		{4CF3FED7-11CF-4407-92B7-DFDA021747BD}.Ad-Hoc|iPhoneSimulator.Deploy.0 = Release|Any CPU
		{4CF3FED7-11CF-4407-92B7-DFDA021747BD}.AppStore|Any CPU.ActiveCfg = Release|Any CPU
		{4CF3FED7-11CF-4407-92B7-DFDA021747BD}.AppStore|Any CPU.Build.0 = Release|Any CPU
		{4CF3FED7-11CF-4407-92B7-DFDA021747BD}.AppStore|Any CPU.Deploy.0 = Release|Any CPU
		{4CF3FED7-11CF-4407-92B7-DFDA021747BD}.AppStore|iPhone.ActiveCfg = Release|Any CPU
		{4CF3FED7-11CF-4407-92B7-DFDA021747BD}.AppStore|iPhone.Build.0 = Release|Any CPU
		{4CF3FED7-11CF-4407-92B7-DFDA021747BD}.AppStore|iPhone.Deploy.0 = Release|Any CPU
		{4CF3FED7-11CF-4407-92B7-DFDA021747BD}.AppStore|iPhoneSimulator.ActiveCfg = Release|Any CPU
		{4CF3FED7-11CF-4407-92B7-DFDA021747BD}.AppStore|iPhoneSimulator.Build.0 = Release|Any CPU
		{4CF3FED7-11CF-4407-92B7-DFDA021747BD}.AppStore|iPhoneSimulator.Deploy.0 = Release|Any CPU
		{4CF3FED7-11CF-4407-92B7-DFDA021747BD}.Debug|Any CPU.ActiveCfg = Debug|Any CPU
		{4CF3FED7-11CF-4407-92B7-DFDA021747BD}.Debug|Any CPU.Build.0 = Debug|Any CPU
		{4CF3FED7-11CF-4407-92B7-DFDA021747BD}.Debug|Any CPU.Deploy.0 = Debug|Any CPU
		{4CF3FED7-11CF-4407-92B7-DFDA021747BD}.Debug|iPhone.ActiveCfg = Debug|Any CPU
		{4CF3FED7-11CF-4407-92B7-DFDA021747BD}.Debug|iPhone.Build.0 = Debug|Any CPU
		{4CF3FED7-11CF-4407-92B7-DFDA021747BD}.Debug|iPhone.Deploy.0 = Debug|Any CPU
		{4CF3FED7-11CF-4407-92B7-DFDA021747BD}.Debug|iPhoneSimulator.ActiveCfg = Debug|Any CPU
		{4CF3FED7-11CF-4407-92B7-DFDA021747BD}.Debug|iPhoneSimulator.Build.0 = Debug|Any CPU
		{4CF3FED7-11CF-4407-92B7-DFDA021747BD}.Debug|iPhoneSimulator.Deploy.0 = Debug|Any CPU
		{4CF3FED7-11CF-4407-92B7-DFDA021747BD}.Release|Any CPU.ActiveCfg = Release|Any CPU
		{4CF3FED7-11CF-4407-92B7-DFDA021747BD}.Release|Any CPU.Build.0 = Release|Any CPU
		{4CF3FED7-11CF-4407-92B7-DFDA021747BD}.Release|Any CPU.Deploy.0 = Release|Any CPU
		{4CF3FED7-11CF-4407-92B7-DFDA021747BD}.Release|iPhone.ActiveCfg = Release|Any CPU
		{4CF3FED7-11CF-4407-92B7-DFDA021747BD}.Release|iPhone.Build.0 = Release|Any CPU
		{4CF3FED7-11CF-4407-92B7-DFDA021747BD}.Release|iPhone.Deploy.0 = Release|Any CPU
		{4CF3FED7-11CF-4407-92B7-DFDA021747BD}.Release|iPhoneSimulator.ActiveCfg = Release|Any CPU
		{4CF3FED7-11CF-4407-92B7-DFDA021747BD}.Release|iPhoneSimulator.Build.0 = Release|Any CPU
		{4CF3FED7-11CF-4407-92B7-DFDA021747BD}.Release|iPhoneSimulator.Deploy.0 = Release|Any CPU
		{A190AA6E-3FA4-44F1-936F-52DE92DB9EEC}.Ad-Hoc|Any CPU.ActiveCfg = Ad-Hoc|iPhone
		{A190AA6E-3FA4-44F1-936F-52DE92DB9EEC}.Ad-Hoc|Any CPU.Build.0 = Ad-Hoc|iPhone
		{A190AA6E-3FA4-44F1-936F-52DE92DB9EEC}.Ad-Hoc|Any CPU.Deploy.0 = Ad-Hoc|iPhone
		{A190AA6E-3FA4-44F1-936F-52DE92DB9EEC}.Ad-Hoc|iPhone.ActiveCfg = Ad-Hoc|iPhone
		{A190AA6E-3FA4-44F1-936F-52DE92DB9EEC}.Ad-Hoc|iPhone.Build.0 = Ad-Hoc|iPhone
		{A190AA6E-3FA4-44F1-936F-52DE92DB9EEC}.Ad-Hoc|iPhone.Deploy.0 = Ad-Hoc|iPhone
		{A190AA6E-3FA4-44F1-936F-52DE92DB9EEC}.Ad-Hoc|iPhoneSimulator.ActiveCfg = Ad-Hoc|iPhoneSimulator
		{A190AA6E-3FA4-44F1-936F-52DE92DB9EEC}.Ad-Hoc|iPhoneSimulator.Build.0 = Ad-Hoc|iPhoneSimulator
		{A190AA6E-3FA4-44F1-936F-52DE92DB9EEC}.Ad-Hoc|iPhoneSimulator.Deploy.0 = Ad-Hoc|iPhoneSimulator
		{A190AA6E-3FA4-44F1-936F-52DE92DB9EEC}.AppStore|Any CPU.ActiveCfg = AppStore|iPhone
		{A190AA6E-3FA4-44F1-936F-52DE92DB9EEC}.AppStore|Any CPU.Build.0 = AppStore|iPhone
		{A190AA6E-3FA4-44F1-936F-52DE92DB9EEC}.AppStore|Any CPU.Deploy.0 = AppStore|iPhone
		{A190AA6E-3FA4-44F1-936F-52DE92DB9EEC}.AppStore|iPhone.ActiveCfg = AppStore|iPhone
		{A190AA6E-3FA4-44F1-936F-52DE92DB9EEC}.AppStore|iPhone.Build.0 = AppStore|iPhone
		{A190AA6E-3FA4-44F1-936F-52DE92DB9EEC}.AppStore|iPhone.Deploy.0 = AppStore|iPhone
		{A190AA6E-3FA4-44F1-936F-52DE92DB9EEC}.AppStore|iPhoneSimulator.ActiveCfg = AppStore|iPhoneSimulator
		{A190AA6E-3FA4-44F1-936F-52DE92DB9EEC}.AppStore|iPhoneSimulator.Build.0 = AppStore|iPhoneSimulator
		{A190AA6E-3FA4-44F1-936F-52DE92DB9EEC}.AppStore|iPhoneSimulator.Deploy.0 = AppStore|iPhoneSimulator
		{A190AA6E-3FA4-44F1-936F-52DE92DB9EEC}.Debug|Any CPU.ActiveCfg = Debug|iPhoneSimulator
		{A190AA6E-3FA4-44F1-936F-52DE92DB9EEC}.Debug|Any CPU.Build.0 = Debug|iPhoneSimulator
		{A190AA6E-3FA4-44F1-936F-52DE92DB9EEC}.Debug|Any CPU.Deploy.0 = Debug|iPhoneSimulator
		{A190AA6E-3FA4-44F1-936F-52DE92DB9EEC}.Debug|iPhone.ActiveCfg = Debug|iPhone
		{A190AA6E-3FA4-44F1-936F-52DE92DB9EEC}.Debug|iPhone.Build.0 = Debug|iPhone
		{A190AA6E-3FA4-44F1-936F-52DE92DB9EEC}.Debug|iPhone.Deploy.0 = Debug|iPhone
		{A190AA6E-3FA4-44F1-936F-52DE92DB9EEC}.Debug|iPhoneSimulator.ActiveCfg = Debug|iPhoneSimulator
		{A190AA6E-3FA4-44F1-936F-52DE92DB9EEC}.Debug|iPhoneSimulator.Build.0 = Debug|iPhoneSimulator
		{A190AA6E-3FA4-44F1-936F-52DE92DB9EEC}.Debug|iPhoneSimulator.Deploy.0 = Debug|iPhoneSimulator
		{A190AA6E-3FA4-44F1-936F-52DE92DB9EEC}.Release|Any CPU.ActiveCfg = Release|iPhone
		{A190AA6E-3FA4-44F1-936F-52DE92DB9EEC}.Release|Any CPU.Build.0 = Release|iPhone
		{A190AA6E-3FA4-44F1-936F-52DE92DB9EEC}.Release|Any CPU.Deploy.0 = Release|iPhone
		{A190AA6E-3FA4-44F1-936F-52DE92DB9EEC}.Release|iPhone.ActiveCfg = Release|iPhone
		{A190AA6E-3FA4-44F1-936F-52DE92DB9EEC}.Release|iPhone.Build.0 = Release|iPhone
		{A190AA6E-3FA4-44F1-936F-52DE92DB9EEC}.Release|iPhone.Deploy.0 = Release|iPhone
		{A190AA6E-3FA4-44F1-936F-52DE92DB9EEC}.Release|iPhoneSimulator.ActiveCfg = Release|iPhoneSimulator
		{A190AA6E-3FA4-44F1-936F-52DE92DB9EEC}.Release|iPhoneSimulator.Build.0 = Release|iPhoneSimulator
		{A190AA6E-3FA4-44F1-936F-52DE92DB9EEC}.Release|iPhoneSimulator.Deploy.0 = Release|iPhoneSimulator
		{88B523D9-1BA6-492E-AFB4-52020A590F56}.Ad-Hoc|Any CPU.ActiveCfg = Debug|Any CPU
		{88B523D9-1BA6-492E-AFB4-52020A590F56}.Ad-Hoc|Any CPU.Build.0 = Debug|Any CPU
		{88B523D9-1BA6-492E-AFB4-52020A590F56}.Ad-Hoc|Any CPU.Deploy.0 = Debug|Any CPU
		{88B523D9-1BA6-492E-AFB4-52020A590F56}.Ad-Hoc|iPhone.ActiveCfg = Debug|Any CPU
		{88B523D9-1BA6-492E-AFB4-52020A590F56}.Ad-Hoc|iPhone.Build.0 = Debug|Any CPU
		{88B523D9-1BA6-492E-AFB4-52020A590F56}.Ad-Hoc|iPhone.Deploy.0 = Debug|Any CPU
		{88B523D9-1BA6-492E-AFB4-52020A590F56}.Ad-Hoc|iPhoneSimulator.ActiveCfg = Debug|Any CPU
		{88B523D9-1BA6-492E-AFB4-52020A590F56}.Ad-Hoc|iPhoneSimulator.Build.0 = Debug|Any CPU
		{88B523D9-1BA6-492E-AFB4-52020A590F56}.Ad-Hoc|iPhoneSimulator.Deploy.0 = Debug|Any CPU
		{88B523D9-1BA6-492E-AFB4-52020A590F56}.AppStore|Any CPU.ActiveCfg = Debug|Any CPU
		{88B523D9-1BA6-492E-AFB4-52020A590F56}.AppStore|Any CPU.Build.0 = Debug|Any CPU
		{88B523D9-1BA6-492E-AFB4-52020A590F56}.AppStore|Any CPU.Deploy.0 = Debug|Any CPU
		{88B523D9-1BA6-492E-AFB4-52020A590F56}.AppStore|iPhone.ActiveCfg = Debug|Any CPU
		{88B523D9-1BA6-492E-AFB4-52020A590F56}.AppStore|iPhone.Build.0 = Debug|Any CPU
		{88B523D9-1BA6-492E-AFB4-52020A590F56}.AppStore|iPhone.Deploy.0 = Debug|Any CPU
		{88B523D9-1BA6-492E-AFB4-52020A590F56}.AppStore|iPhoneSimulator.ActiveCfg = Debug|Any CPU
		{88B523D9-1BA6-492E-AFB4-52020A590F56}.AppStore|iPhoneSimulator.Build.0 = Debug|Any CPU
		{88B523D9-1BA6-492E-AFB4-52020A590F56}.AppStore|iPhoneSimulator.Deploy.0 = Debug|Any CPU
		{88B523D9-1BA6-492E-AFB4-52020A590F56}.Debug|Any CPU.ActiveCfg = Debug|Any CPU
		{88B523D9-1BA6-492E-AFB4-52020A590F56}.Debug|Any CPU.Build.0 = Debug|Any CPU
		{88B523D9-1BA6-492E-AFB4-52020A590F56}.Debug|Any CPU.Deploy.0 = Debug|Any CPU
		{88B523D9-1BA6-492E-AFB4-52020A590F56}.Debug|iPhone.ActiveCfg = Debug|Any CPU
		{88B523D9-1BA6-492E-AFB4-52020A590F56}.Debug|iPhone.Build.0 = Debug|Any CPU
		{88B523D9-1BA6-492E-AFB4-52020A590F56}.Debug|iPhone.Deploy.0 = Debug|Any CPU
		{88B523D9-1BA6-492E-AFB4-52020A590F56}.Debug|iPhoneSimulator.ActiveCfg = Debug|Any CPU
		{88B523D9-1BA6-492E-AFB4-52020A590F56}.Debug|iPhoneSimulator.Build.0 = Debug|Any CPU
		{88B523D9-1BA6-492E-AFB4-52020A590F56}.Debug|iPhoneSimulator.Deploy.0 = Debug|Any CPU
		{88B523D9-1BA6-492E-AFB4-52020A590F56}.Release|Any CPU.ActiveCfg = Release|Any CPU
		{88B523D9-1BA6-492E-AFB4-52020A590F56}.Release|Any CPU.Build.0 = Release|Any CPU
		{88B523D9-1BA6-492E-AFB4-52020A590F56}.Release|Any CPU.Deploy.0 = Release|Any CPU
		{88B523D9-1BA6-492E-AFB4-52020A590F56}.Release|iPhone.ActiveCfg = Release|Any CPU
		{88B523D9-1BA6-492E-AFB4-52020A590F56}.Release|iPhone.Build.0 = Release|Any CPU
		{88B523D9-1BA6-492E-AFB4-52020A590F56}.Release|iPhone.Deploy.0 = Release|Any CPU
		{88B523D9-1BA6-492E-AFB4-52020A590F56}.Release|iPhoneSimulator.ActiveCfg = Release|Any CPU
		{88B523D9-1BA6-492E-AFB4-52020A590F56}.Release|iPhoneSimulator.Build.0 = Release|Any CPU
		{88B523D9-1BA6-492E-AFB4-52020A590F56}.Release|iPhoneSimulator.Deploy.0 = Release|Any CPU
	EndGlobalSection
	GlobalSection(SolutionProperties) = preSolution
		HideSolutionNode = FALSE
	EndGlobalSection
	GlobalSection(ExtensibilityGlobals) = postSolution
		SolutionGuid = {9C3D5D39-F19A-4CEB-A92D-2EAF3FBF4E19}
	EndGlobalSection
EndGlobal
